<Solution>
  <Project Path="Assignments_4_1/Assignments_4_1.csproj" />
  <Project Path="Assignments_4_3_1/Assignments_4_3_1.csproj" Id="51ed8d2a-007a-4cc0-9dff-b2564808bdb6" />
  <Project Path="Assignment_4_2/Assignment_4_2.csproj" Id="fb940b47-f5b6-49d9-81ab-aaa5fcdf9859" />
  <Project Path="Assignment_4_2_1/Assignment_4_2_1.csproj" Id="ef66835a-d940-4736-a9c7-8be74939f515" />
  <Project Path="Assignment_4_3_2/Assignment_4_3_2.csproj" Id="acaefe2e-a8ed-4edb-ad3e-b69bd49c72f1" />
  <Project Path="Assignment_4_3_3/Assignment_4_3_3.csproj" Id="67073a15-133b-4665-aeef-c456d3625c3e" />
</Solution>
